
Microsoft Visual Studio Solution File, Format Version 12.00
# Visual Studio Version 16
VisualStudioVersion = 16.0.30330.147
MinimumVisualStudioVersion = 10.0.40219.1
Project("{8BC9CEB8-8B4A-11D0-8D11-00A0C91BC942}") = "Snake Game", "Snake Game\Snake Game.vcxproj", "{95B7BD24-FCBD-49C9-B0CD-F7E4C8A4E716}"
EndProject
Global
	GlobalSection(SolutionConfigurationPlatforms) = preSolution
		Debug|x64 = Debug|x64
		Debug|x86 = Debug|x86
		Release|x64 = Release|x64
		Release|x86 = Release|x86
	EndGlobalSection
	GlobalSection(ProjectConfigurationPlatforms) = postSolution
		{95B7BD24-FCBD-49C9-B0CD-F7E4C8A4E716}.Debug|x64.ActiveCfg = Debug|x64
		{95B7BD24-FCBD-49C9-B0CD-F7E4C8A4E716}.Debug|x64.Build.0 = Debug|x64
		{95B7BD24-FCBD-49C9-B0CD-F7E4C8A4E716}.Debug|x86.ActiveCfg = Debug|Win32
		{95B7BD24-FCBD-49C9-B0CD-F7E4C8A4E716}.Debug|x86.Build.0 = Debug|Win32
		{95B7BD24-FCBD-49C9-B0CD-F7E4C8A4E716}.Release|x64.ActiveCfg = Release|x64
		{95B7BD24-FCBD-49C9-B0CD-F7E4C8A4E716}.Release|x64.Build.0 = Release|x64
		{95B7BD24-FCBD-49C9-B0CD-F7E4C8A4E716}.Release|x86.ActiveCfg = Release|Win32
		{95B7BD24-FCBD-49C9-B0CD-F7E4C8A4E716}.Release|x86.Build.0 = Release|Win32
	EndGlobalSection
	GlobalSection(SolutionProperties) = preSolution
		HideSolutionNode = FALSE
	EndGlobalSection
	GlobalSection(ExtensibilityGlobals) = postSolution
		SolutionGuid = {4EA12A4D-F193-4A17-93D5-CF86DE54AB67}
	EndGlobalSection
EndGlobal
